
Microsoft Visual Studio Solution File, Format Version 12.00
# Visual Studio Version 16
VisualStudioVersion = 16.0.29613.14
MinimumVisualStudioVersion = 10.0.40219.1
Project("{9A19103F-16F7-4668-BE54-9A1E7A4F7556}") = "BIRS", "BIRS\BIRS.csproj", "{7E2FCF1D-713F-4BC1-AAFF-45CCC478296D}"
EndProject
Project("{9A19103F-16F7-4668-BE54-9A1E7A4F7556}") = "BIRS-api", "BIRS-api\BIRS-api.csproj", "{7B69E401-025E-46F9-95F2-25A03877D742}"
EndProject
Project("{FAE04EC0-301F-11D3-BF4B-00C04F79EFBC}") = "Api", "Api\Api.csproj", "{9A2C94EC-E9C3-4182-929B-A10C4A097660}"
EndProject
Global
	GlobalSection(SolutionConfigurationPlatforms) = preSolution
		Debug|Any CPU = Debug|Any CPU
		Release|Any CPU = Release|Any CPU
	EndGlobalSection
	GlobalSection(ProjectConfigurationPlatforms) = postSolution
		{7E2FCF1D-713F-4BC1-AAFF-45CCC478296D}.Debug|Any CPU.ActiveCfg = Debug|Any CPU
		{7E2FCF1D-713F-4BC1-AAFF-45CCC478296D}.Debug|Any CPU.Build.0 = Debug|Any CPU
		{7E2FCF1D-713F-4BC1-AAFF-45CCC478296D}.Release|Any CPU.ActiveCfg = Release|Any CPU
		{7E2FCF1D-713F-4BC1-AAFF-45CCC478296D}.Release|Any CPU.Build.0 = Release|Any CPU
		{7B69E401-025E-46F9-95F2-25A03877D742}.Debug|Any CPU.ActiveCfg = Debug|Any CPU
		{7B69E401-025E-46F9-95F2-25A03877D742}.Debug|Any CPU.Build.0 = Debug|Any CPU
		{7B69E401-025E-46F9-95F2-25A03877D742}.Release|Any CPU.ActiveCfg = Release|Any CPU
		{7B69E401-025E-46F9-95F2-25A03877D742}.Release|Any CPU.Build.0 = Release|Any CPU
		{9A2C94EC-E9C3-4182-929B-A10C4A097660}.Debug|Any CPU.ActiveCfg = Debug|Any CPU
		{9A2C94EC-E9C3-4182-929B-A10C4A097660}.Debug|Any CPU.Build.0 = Debug|Any CPU
		{9A2C94EC-E9C3-4182-929B-A10C4A097660}.Release|Any CPU.ActiveCfg = Release|Any CPU
		{9A2C94EC-E9C3-4182-929B-A10C4A097660}.Release|Any CPU.Build.0 = Release|Any CPU
	EndGlobalSection
	GlobalSection(SolutionProperties) = preSolution
		HideSolutionNode = FALSE
	EndGlobalSection
	GlobalSection(ExtensibilityGlobals) = postSolution
		SolutionGuid = {DB9C4A22-84B7-4004-8E95-B2E08D25FB98}
	EndGlobalSection
EndGlobal
